// !$*UTF8*$!
{
	archiveVersion = 1;
	classes = {
	};
	objectVersion = 55;
	objects = {

/* Begin PBXBuildFile section */
		C923F13F281312AE00367555 /* AppDelegate.swift in Sources */ = {isa = PBXBuildFile; fileRef = C923F13E281312AE00367555 /* AppDelegate.swift */; };
		C923F141281312AE00367555 /* SceneDelegate.swift in Sources */ = {isa = PBXBuildFile; fileRef = C923F140281312AE00367555 /* SceneDelegate.swift */; };
		C923F146281312AE00367555 /* Main.storyboard in Resources */ = {isa = PBXBuildFile; fileRef = C923F144281312AE00367555 /* Main.storyboard */; };
		C923F149281312AE00367555 /* EventManager.xcdatamodeld in Sources */ = {isa = PBXBuildFile; fileRef = C923F147281312AE00367555 /* EventManager.xcdatamodeld */; };
		C923F14B281312B000367555 /* Assets.xcassets in Resources */ = {isa = PBXBuildFile; fileRef = C923F14A281312B000367555 /* Assets.xcassets */; };
		C923F14E281312B000367555 /* LaunchScreen.storyboard in Resources */ = {isa = PBXBuildFile; fileRef = C923F14C281312B000367555 /* LaunchScreen.storyboard */; };
		C923F16028131A0F00367555 /* Strings.swift in Sources */ = {isa = PBXBuildFile; fileRef = C923F15F28131A0F00367555 /* Strings.swift */; };
		C923F16228131D6000367555 /* CoreDataStack.swift in Sources */ = {isa = PBXBuildFile; fileRef = C923F16128131D6000367555 /* CoreDataStack.swift */; };
		C923F16428131DA800367555 /* Event+Convenience.swift in Sources */ = {isa = PBXBuildFile; fileRef = C923F16328131DA800367555 /* Event+Convenience.swift */; };
		C923F16628131E9700367555 /* EventController.swift in Sources */ = {isa = PBXBuildFile; fileRef = C923F16528131E9700367555 /* EventController.swift */; };
		C923F168281325B400367555 /* DateFormatter.swift in Sources */ = {isa = PBXBuildFile; fileRef = C923F167281325B400367555 /* DateFormatter.swift */; };
		C923F16A281326CA00367555 /* EventListTableViewController.swift in Sources */ = {isa = PBXBuildFile; fileRef = C923F169281326CA00367555 /* EventListTableViewController.swift */; };
		C923F16C281326E300367555 /* EventDetailsViewController.swift in Sources */ = {isa = PBXBuildFile; fileRef = C923F16B281326E300367555 /* EventDetailsViewController.swift */; };
		C923F16E281326FF00367555 /* EventTableViewCell.swift in Sources */ = {isa = PBXBuildFile; fileRef = C923F16D281326FF00367555 /* EventTableViewCell.swift */; };
/* End PBXBuildFile section */

/* Begin PBXFileReference section */
		C923F13B281312AE00367555 /* EventManager.app */ = {isa = PBXFileReference; explicitFileType = wrapper.application; includeInIndex = 0; path = EventManager.app; sourceTree = BUILT_PRODUCTS_DIR; };
		C923F13E281312AE00367555 /* AppDelegate.swift */ = {isa = PBXFileReference; lastKnownFileType = sourcecode.swift; path = AppDelegate.swift; sourceTree = "<group>"; };
		C923F140281312AE00367555 /* SceneDelegate.swift */ = {isa = PBXFileReference; lastKnownFileType = sourcecode.swift; path = SceneDelegate.swift; sourceTree = "<group>"; };
		C923F145281312AE00367555 /* Base */ = {isa = PBXFileReference; lastKnownFileType = file.storyboard; name = Base; path = Base.lproj/Main.storyboard; sourceTree = "<group>"; };
		C923F148281312AE00367555 /* EventManager.xcdatamodel */ = {isa = PBXFileReference; lastKnownFileType = wrapper.xcdatamodel; path = EventManager.xcdatamodel; sourceTree = "<group>"; };
		C923F14A281312B000367555 /* Assets.xcassets */ = {isa = PBXFileReference; lastKnownFileType = folder.assetcatalog; path = Assets.xcassets; sourceTree = "<group>"; };
		C923F14D281312B000367555 /* Base */ = {isa = PBXFileReference; lastKnownFileType = file.storyboard; name = Base; path = Base.lproj/LaunchScreen.storyboard; sourceTree = "<group>"; };
		C923F14F281312B000367555 /* Info.plist */ = {isa = PBXFileReference; lastKnownFileType = text.plist.xml; path = Info.plist; sourceTree = "<group>"; };
		C923F15F28131A0F00367555 /* Strings.swift */ = {isa = PBXFileReference; lastKnownFileType = sourcecode.swift; path = Strings.swift; sourceTree = "<group>"; };
		C923F16128131D6000367555 /* CoreDataStack.swift */ = {isa = PBXFileReference; lastKnownFileType = sourcecode.swift; path = CoreDataStack.swift; sourceTree = "<group>"; };
		C923F16328131DA800367555 /* Event+Convenience.swift */ = {isa = PBXFileReference; lastKnownFileType = sourcecode.swift; path = "Event+Convenience.swift"; sourceTree = "<group>"; };
		C923F16528131E9700367555 /* EventController.swift */ = {isa = PBXFileReference; lastKnownFileType = sourcecode.swift; path = EventController.swift; sourceTree = "<group>"; };
		C923F167281325B400367555 /* DateFormatter.swift */ = {isa = PBXFileReference; lastKnownFileType = sourcecode.swift; path = DateFormatter.swift; sourceTree = "<group>"; };
		C923F169281326CA00367555 /* EventListTableViewController.swift */ = {isa = PBXFileReference; lastKnownFileType = sourcecode.swift; path = EventListTableViewController.swift; sourceTree = "<group>"; };
		C923F16B281326E300367555 /* EventDetailsViewController.swift */ = {isa = PBXFileReference; lastKnownFileType = sourcecode.swift; path = EventDetailsViewController.swift; sourceTree = "<group>"; };
		C923F16D281326FF00367555 /* EventTableViewCell.swift */ = {isa = PBXFileReference; lastKnownFileType = sourcecode.swift; path = EventTableViewCell.swift; sourceTree = "<group>"; };
/* End PBXFileReference section */

/* Begin PBXFrameworksBuildPhase section */
		C923F138281312AE00367555 /* Frameworks */ = {
			isa = PBXFrameworksBuildPhase;
			buildActionMask = 2147483647;
			files = (
			);
			runOnlyForDeploymentPostprocessing = 0;
		};
/* End PBXFrameworksBuildPhase section */

/* Begin PBXGroup section */
		C923F132281312AE00367555 = {
			isa = PBXGroup;
			children = (
				C923F13D281312AE00367555 /* EventManager */,
				C923F13C281312AE00367555 /* Products */,
			);
			sourceTree = "<group>";
		};
		C923F13C281312AE00367555 /* Products */ = {
			isa = PBXGroup;
			children = (
				C923F13B281312AE00367555 /* EventManager.app */,
			);
			name = Products;
			sourceTree = "<group>";
		};
		C923F13D281312AE00367555 /* EventManager */ = {
			isa = PBXGroup;
			children = (
				C923F1592813130000367555 /* Models */,
				C923F157281312EC00367555 /* Views */,
				C923F158281312FA00367555 /* Controllers */,
				C923F15E281319FF00367555 /* Notification */,
				C923F15D281319F200367555 /* Strings */,
				C923F156281312CE00367555 /* SupportFiles */,
			);
			path = EventManager;
			sourceTree = "<group>";
		};
		C923F155281312BD00367555 /* CoreData */ = {
			isa = PBXGroup;
			children = (
				C923F147281312AE00367555 /* EventManager.xcdatamodeld */,
				C923F16128131D6000367555 /* CoreDataStack.swift */,
				C923F16328131DA800367555 /* Event+Convenience.swift */,
			);
			path = CoreData;
			sourceTree = "<group>";
		};
		C923F156281312CE00367555 /* SupportFiles */ = {
			isa = PBXGroup;
			children = (
				C923F13E281312AE00367555 /* AppDelegate.swift */,
				C923F140281312AE00367555 /* SceneDelegate.swift */,
				C923F14A281312B000367555 /* Assets.xcassets */,
				C923F14F281312B000367555 /* Info.plist */,
				C923F167281325B400367555 /* DateFormatter.swift */,
			);
			path = SupportFiles;
			sourceTree = "<group>";
		};
		C923F157281312EC00367555 /* Views */ = {
			isa = PBXGroup;
			children = (
				C923F144281312AE00367555 /* Main.storyboard */,
				C923F14C281312B000367555 /* LaunchScreen.storyboard */,
			);
			path = Views;
			sourceTree = "<group>";
		};
		C923F158281312FA00367555 /* Controllers */ = {
			isa = PBXGroup;
			children = (
				C923F15C2813133100367555 /* ModelControllers */,
				C923F15B2813132900367555 /* ViewControllers */,
				C923F15A2813132100367555 /* CustomViewControllers */,
			);
			path = Controllers;
			sourceTree = "<group>";
		};
		C923F1592813130000367555 /* Models */ = {
			isa = PBXGroup;
			children = (
				C923F155281312BD00367555 /* CoreData */,
			);
			path = Models;
			sourceTree = "<group>";
		};
		C923F15A2813132100367555 /* CustomViewControllers */ = {
			isa = PBXGroup;
			children = (
				C923F16D281326FF00367555 /* EventTableViewCell.swift */,
			);
			path = CustomViewControllers;
			sourceTree = "<group>";
		};
		C923F15B2813132900367555 /* ViewControllers */ = {
			isa = PBXGroup;
			children = (
				C923F169281326CA00367555 /* EventListTableViewController.swift */,
				C923F16B281326E300367555 /* EventDetailsViewController.swift */,
			);
			path = ViewControllers;
			sourceTree = "<group>";
		};
		C923F15C2813133100367555 /* ModelControllers */ = {
			isa = PBXGroup;
			children = (
				C923F16528131E9700367555 /* EventController.swift */,
			);
			path = ModelControllers;
			sourceTree = "<group>";
		};
		C923F15D281319F200367555 /* Strings */ = {
			isa = PBXGroup;
			children = (
				C923F15F28131A0F00367555 /* Strings.swift */,
			);
			path = Strings;
			sourceTree = "<group>";
		};
		C923F15E281319FF00367555 /* Notification */ = {
			isa = PBXGroup;
			children = (
			);
			path = Notification;
			sourceTree = "<group>";
		};
/* End PBXGroup section */

/* Begin PBXNativeTarget section */
		C923F13A281312AE00367555 /* EventManager */ = {
			isa = PBXNativeTarget;
			buildConfigurationList = C923F152281312B000367555 /* Build configuration list for PBXNativeTarget "EventManager" */;
			buildPhases = (
				C923F137281312AE00367555 /* Sources */,
				C923F138281312AE00367555 /* Frameworks */,
				C923F139281312AE00367555 /* Resources */,
			);
			buildRules = (
			);
			dependencies = (
			);
			name = EventManager;
			productName = EventManager;
			productReference = C923F13B281312AE00367555 /* EventManager.app */;
			productType = "com.apple.product-type.application";
		};
/* End PBXNativeTarget section */

/* Begin PBXProject section */
		C923F133281312AE00367555 /* Project object */ = {
			isa = PBXProject;
			attributes = {
				BuildIndependentTargetsInParallel = 1;
				LastSwiftUpdateCheck = 1330;
				LastUpgradeCheck = 1330;
				TargetAttributes = {
					C923F13A281312AE00367555 = {
						CreatedOnToolsVersion = 13.3.1;
					};
				};
			};
			buildConfigurationList = C923F136281312AE00367555 /* Build configuration list for PBXProject "EventManager" */;
			compatibilityVersion = "Xcode 13.0";
			developmentRegion = en;
			hasScannedForEncodings = 0;
			knownRegions = (
				en,
				Base,
			);
			mainGroup = C923F132281312AE00367555;
			productRefGroup = C923F13C281312AE00367555 /* Products */;
			projectDirPath = "";
			projectRoot = "";
			targets = (
				C923F13A281312AE00367555 /* EventManager */,
			);
		};
/* End PBXProject section */

/* Begin PBXResourcesBuildPhase section */
		C923F139281312AE00367555 /* Resources */ = {
			isa = PBXResourcesBuildPhase;
			buildActionMask = 2147483647;
			files = (
				C923F14E281312B000367555 /* LaunchScreen.storyboard in Resources */,
				C923F14B281312B000367555 /* Assets.xcassets in Resources */,
				C923F146281312AE00367555 /* Main.storyboard in Resources */,
			);
			runOnlyForDeploymentPostprocessing = 0;
		};
/* End PBXResourcesBuildPhase section */

/* Begin PBXSourcesBuildPhase section */
		C923F137281312AE00367555 /* Sources */ = {
			isa = PBXSourcesBuildPhase;
			buildActionMask = 2147483647;
			files = (
				C923F168281325B400367555 /* DateFormatter.swift in Sources */,
				C923F16E281326FF00367555 /* EventTableViewCell.swift in Sources */,
				C923F16428131DA800367555 /* Event+Convenience.swift in Sources */,
				C923F16228131D6000367555 /* CoreDataStack.swift in Sources */,
				C923F16A281326CA00367555 /* EventListTableViewController.swift in Sources */,
				C923F13F281312AE00367555 /* AppDelegate.swift in Sources */,
				C923F149281312AE00367555 /* EventManager.xcdatamodeld in Sources */,
				C923F16C281326E300367555 /* EventDetailsViewController.swift in Sources */,
				C923F16028131A0F00367555 /* Strings.swift in Sources */,
				C923F16628131E9700367555 /* EventController.swift in Sources */,
				C923F141281312AE00367555 /* SceneDelegate.swift in Sources */,
			);
			runOnlyForDeploymentPostprocessing = 0;
		};
/* End PBXSourcesBuildPhase section */

/* Begin PBXVariantGroup section */
		C923F144281312AE00367555 /* Main.storyboard */ = {
			isa = PBXVariantGroup;
			children = (
				C923F145281312AE00367555 /* Base */,
			);
			name = Main.storyboard;
			sourceTree = "<group>";
		};
		C923F14C281312B000367555 /* LaunchScreen.storyboard */ = {
			isa = PBXVariantGroup;
			children = (
				C923F14D281312B000367555 /* Base */,
			);
			name = LaunchScreen.storyboard;
			sourceTree = "<group>";
		};
/* End PBXVariantGroup section */

/* Begin XCBuildConfiguration section */
		C923F150281312B000367555 /* Debug */ = {
			isa = XCBuildConfiguration;
			buildSettings = {
				ALWAYS_SEARCH_USER_PATHS = NO;
				CLANG_ANALYZER_NONNULL = YES;
				CLANG_ANALYZER_NUMBER_OBJECT_CONVERSION = YES_AGGRESSIVE;
				CLANG_CXX_LANGUAGE_STANDARD = "gnu++17";
				CLANG_ENABLE_MODULES = YES;
				CLANG_ENABLE_OBJC_ARC = YES;
				CLANG_ENABLE_OBJC_WEAK = YES;
				CLANG_WARN_BLOCK_CAPTURE_AUTORELEASING = YES;
				CLANG_WARN_BOOL_CONVERSION = YES;
				CLANG_WARN_COMMA = YES;
				CLANG_WARN_CONSTANT_CONVERSION = YES;
				CLANG_WARN_DEPRECATED_OBJC_IMPLEMENTATIONS = YES;
				CLANG_WARN_DIRECT_OBJC_ISA_USAGE = YES_ERROR;
				CLANG_WARN_DOCUMENTATION_COMMENTS = YES;
				CLANG_WARN_EMPTY_BODY = YES;
				CLANG_WARN_ENUM_CONVERSION = YES;
				CLANG_WARN_INFINITE_RECURSION = YES;
				CLANG_WARN_INT_CONVERSION = YES;
				CLANG_WARN_NON_LITERAL_NULL_CONVERSION = YES;
				CLANG_WARN_OBJC_IMPLICIT_RETAIN_SELF = YES;
				CLANG_WARN_OBJC_LITERAL_CONVERSION = YES;
				CLANG_WARN_OBJC_ROOT_CLASS = YES_ERROR;
				CLANG_WARN_QUOTED_INCLUDE_IN_FRAMEWORK_HEADER = YES;
				CLANG_WARN_RANGE_LOOP_ANALYSIS = YES;
				CLANG_WARN_STRICT_PROTOTYPES = YES;
				CLANG_WARN_SUSPICIOUS_MOVE = YES;
				CLANG_WARN_UNGUARDED_AVAILABILITY = YES_AGGRESSIVE;
				CLANG_WARN_UNREACHABLE_CODE = YES;
				CLANG_WARN__DUPLICATE_METHOD_MATCH = YES;
				COPY_PHASE_STRIP = NO;
				DEBUG_INFORMATION_FORMAT = dwarf;
				ENABLE_STRICT_OBJC_MSGSEND = YES;
				ENABLE_TESTABILITY = YES;
				GCC_C_LANGUAGE_STANDARD = gnu11;
				GCC_DYNAMIC_NO_PIC = NO;
				GCC_NO_COMMON_BLOCKS = YES;
				GCC_OPTIMIZATION_LEVEL = 0;
				GCC_PREPROCESSOR_DEFINITIONS = (
					"DEBUG=1",
					"$(inherited)",
				);
				GCC_WARN_64_TO_32_BIT_CONVERSION = YES;
				GCC_WARN_ABOUT_RETURN_TYPE = YES_ERROR;
				GCC_WARN_UNDECLARED_SELECTOR = YES;
				GCC_WARN_UNINITIALIZED_AUTOS = YES_AGGRESSIVE;
				GCC_WARN_UNUSED_FUNCTION = YES;
				GCC_WARN_UNUSED_VARIABLE = YES;
				IPHONEOS_DEPLOYMENT_TARGET = 15.4;
				MTL_ENABLE_DEBUG_INFO = INCLUDE_SOURCE;
				MTL_FAST_MATH = YES;
				ONLY_ACTIVE_ARCH = YES;
				SDKROOT = iphoneos;
				SWIFT_ACTIVE_COMPILATION_CONDITIONS = DEBUG;
				SWIFT_OPTIMIZATION_LEVEL = "-Onone";
			};
			name = Debug;
		};
		C923F151281312B000367555 /* Release */ = {
			isa = XCBuildConfiguration;
			buildSettings = {
				ALWAYS_SEARCH_USER_PATHS = NO;
				CLANG_ANALYZER_NONNULL = YES;
				CLANG_ANALYZER_NUMBER_OBJECT_CONVERSION = YES_AGGRESSIVE;
				CLANG_CXX_LANGUAGE_STANDARD = "gnu++17";
				CLANG_ENABLE_MODULES = YES;
				CLANG_ENABLE_OBJC_ARC = YES;
				CLANG_ENABLE_OBJC_WEAK = YES;
				CLANG_WARN_BLOCK_CAPTURE_AUTORELEASING = YES;
				CLANG_WARN_BOOL_CONVERSION = YES;
				CLANG_WARN_COMMA = YES;
				CLANG_WARN_CONSTANT_CONVERSION = YES;
				CLANG_WARN_DEPRECATED_OBJC_IMPLEMENTATIONS = YES;
				CLANG_WARN_DIRECT_OBJC_ISA_USAGE = YES_ERROR;
				CLANG_WARN_DOCUMENTATION_COMMENTS = YES;
				CLANG_WARN_EMPTY_BODY = YES;
				CLANG_WARN_ENUM_CONVERSION = YES;
				CLANG_WARN_INFINITE_RECURSION = YES;
				CLANG_WARN_INT_CONVERSION = YES;
				CLANG_WARN_NON_LITERAL_NULL_CONVERSION = YES;
				CLANG_WARN_OBJC_IMPLICIT_RETAIN_SELF = YES;
				CLANG_WARN_OBJC_LITERAL_CONVERSION = YES;
				CLANG_WARN_OBJC_ROOT_CLASS = YES_ERROR;
				CLANG_WARN_QUOTED_INCLUDE_IN_FRAMEWORK_HEADER = YES;
				CLANG_WARN_RANGE_LOOP_ANALYSIS = YES;
				CLANG_WARN_STRICT_PROTOTYPES = YES;
				CLANG_WARN_SUSPICIOUS_MOVE = YES;
				CLANG_WARN_UNGUARDED_AVAILABILITY = YES_AGGRESSIVE;
				CLANG_WARN_UNREACHABLE_CODE = YES;
				CLANG_WARN__DUPLICATE_METHOD_MATCH = YES;
				COPY_PHASE_STRIP = NO;
				DEBUG_INFORMATION_FORMAT = "dwarf-with-dsym";
				ENABLE_NS_ASSERTIONS = NO;
				ENABLE_STRICT_OBJC_MSGSEND = YES;
				GCC_C_LANGUAGE_STANDARD = gnu11;
				GCC_NO_COMMON_BLOCKS = YES;
				GCC_WARN_64_TO_32_BIT_CONVERSION = YES;
				GCC_WARN_ABOUT_RETURN_TYPE = YES_ERROR;
				GCC_WARN_UNDECLARED_SELECTOR = YES;
				GCC_WARN_UNINITIALIZED_AUTOS = YES_AGGRESSIVE;
				GCC_WARN_UNUSED_FUNCTION = YES;
				GCC_WARN_UNUSED_VARIABLE = YES;
				IPHONEOS_DEPLOYMENT_TARGET = 15.4;
				MTL_ENABLE_DEBUG_INFO = NO;
				MTL_FAST_MATH = YES;
				SDKROOT = iphoneos;
				SWIFT_COMPILATION_MODE = wholemodule;
				SWIFT_OPTIMIZATION_LEVEL = "-O";
				VALIDATE_PRODUCT = YES;
			};
			name = Release;
		};
		C923F153281312B000367555 /* Debug */ = {
			isa = XCBuildConfiguration;
			buildSettings = {
				ASSETCATALOG_COMPILER_APPICON_NAME = AppIcon;
				ASSETCATALOG_COMPILER_GLOBAL_ACCENT_COLOR_NAME = AccentColor;
				CODE_SIGN_STYLE = Automatic;
				CURRENT_PROJECT_VERSION = 1;
				DEVELOPMENT_TEAM = ALTGSDSZNG;
				GENERATE_INFOPLIST_FILE = YES;
				INFOPLIST_FILE = EventManager/SupportFiles/Info.plist;
				INFOPLIST_KEY_UIApplicationSupportsIndirectInputEvents = YES;
				INFOPLIST_KEY_UILaunchStoryboardName = LaunchScreen;
				INFOPLIST_KEY_UIMainStoryboardFile = Main;
				INFOPLIST_KEY_UISupportedInterfaceOrientations_iPad = "UIInterfaceOrientationPortrait UIInterfaceOrientationPortraitUpsideDown UIInterfaceOrientationLandscapeLeft UIInterfaceOrientationLandscapeRight";
				INFOPLIST_KEY_UISupportedInterfaceOrientations_iPhone = "UIInterfaceOrientationPortrait UIInterfaceOrientationLandscapeLeft UIInterfaceOrientationLandscapeRight";
				LD_RUNPATH_SEARCH_PATHS = (
					"$(inherited)",
					"@executable_path/Frameworks",
				);
				MARKETING_VERSION = 1.0;
				PRODUCT_BUNDLE_IDENTIFIER = com.tasukuYamamoto.EventManager;
				PRODUCT_NAME = "$(TARGET_NAME)";
				SWIFT_EMIT_LOC_STRINGS = YES;
				SWIFT_VERSION = 5.0;
				TARGETED_DEVICE_FAMILY = "1,2";
			};
			name = Debug;
		};
		C923F154281312B000367555 /* Release */ = {
			isa = XCBuildConfiguration;
			buildSettings = {
				ASSETCATALOG_COMPILER_APPICON_NAME = AppIcon;
				ASSETCATALOG_COMPILER_GLOBAL_ACCENT_COLOR_NAME = AccentColor;
				CODE_SIGN_STYLE = Automatic;
				CURRENT_PROJECT_VERSION = 1;
				DEVELOPMENT_TEAM = ALTGSDSZNG;
				GENERATE_INFOPLIST_FILE = YES;
				INFOPLIST_FILE = EventManager/SupportFiles/Info.plist;
				INFOPLIST_KEY_UIApplicationSupportsIndirectInputEvents = YES;
				INFOPLIST_KEY_UILaunchStoryboardName = LaunchScreen;
				INFOPLIST_KEY_UIMainStoryboardFile = Main;
				INFOPLIST_KEY_UISupportedInterfaceOrientations_iPad = "UIInterfaceOrientationPortrait UIInterfaceOrientationPortraitUpsideDown UIInterfaceOrientationLandscapeLeft UIInterfaceOrientationLandscapeRight";
				INFOPLIST_KEY_UISupportedInterfaceOrientations_iPhone = "UIInterfaceOrientationPortrait UIInterfaceOrientationLandscapeLeft UIInterfaceOrientationLandscapeRight";
				LD_RUNPATH_SEARCH_PATHS = (
					"$(inherited)",
					"@executable_path/Frameworks",
				);
				MARKETING_VERSION = 1.0;
				PRODUCT_BUNDLE_IDENTIFIER = com.tasukuYamamoto.EventManager;
				PRODUCT_NAME = "$(TARGET_NAME)";
				SWIFT_EMIT_LOC_STRINGS = YES;
				SWIFT_VERSION = 5.0;
				TARGETED_DEVICE_FAMILY = "1,2";
			};
			name = Release;
		};
/* End XCBuildConfiguration section */

/* Begin XCConfigurationList section */
		C923F136281312AE00367555 /* Build configuration list for PBXProject "EventManager" */ = {
			isa = XCConfigurationList;
			buildConfigurations = (
				C923F150281312B000367555 /* Debug */,
				C923F151281312B000367555 /* Release */,
			);
			defaultConfigurationIsVisible = 0;
			defaultConfigurationName = Release;
		};
		C923F152281312B000367555 /* Build configuration list for PBXNativeTarget "EventManager" */ = {
			isa = XCConfigurationList;
			buildConfigurations = (
				C923F153281312B000367555 /* Debug */,
				C923F154281312B000367555 /* Release */,
			);
			defaultConfigurationIsVisible = 0;
			defaultConfigurationName = Release;
		};
/* End XCConfigurationList section */

/* Begin XCVersionGroup section */
		C923F147281312AE00367555 /* EventManager.xcdatamodeld */ = {
			isa = XCVersionGroup;
			children = (
				C923F148281312AE00367555 /* EventManager.xcdatamodel */,
			);
			currentVersion = C923F148281312AE00367555 /* EventManager.xcdatamodel */;
			path = EventManager.xcdatamodeld;
			sourceTree = "<group>";
			versionGroupType = wrapper.xcdatamodel;
		};
/* End XCVersionGroup section */
	};
	rootObject = C923F133281312AE00367555 /* Project object */;
}
